<?xml version="1.0" encoding="utf-8"?>
<Project ToolsVersion="4.0" xmlns="http://schemas.microsoft.com/developer/msbuild/2003">
  <ItemGroup>
    <ClCompile Include="main.cpp" />
    <ClCompile Include="Common\common_var.cpp">
      <Filter>Common</Filter>
    </ClCompile>
    <ClCompile Include="DataStructure\grid.cpp">
      <Filter>DataStruct</Filter>
    </ClCompile>
    <ClCompile Include="DataStructure\heliostat.cpp">
      <Filter>DataStruct</Filter>
    </ClCompile>
    <ClCompile Include="DataStructure\receiver.cpp">
      <Filter>DataStruct</Filter>
    </ClCompile>
    <ClCompile Include="Common\random_generator.cpp">
      <Filter>Common</Filter>
    </ClCompile>
    <ClCompile Include="SceneProcess\scene_file_proc.cpp">
      <Filter>SceneProcess</Filter>
    </ClCompile>
    <ClCompile Include="SceneProcess\solar_scene.cpp">
      <Filter>SceneProcess</Filter>
    </ClCompile>
    <ClCompile Include="Common\image_saver.cpp">
      <Filter>Common</Filter>
    </ClCompile>
    <ClCompile Include="RayTracing\RectHelio\recthelio_tracing.cpp">
      <Filter>RayTracing\RectHelio</Filter>
    </ClCompile>
    <ClCompile Include="SceneProcess\PreProcess\scene_instance_process.cpp">
      <Filter>SceneProcess\PreProcess</Filter>
    </ClCompile>
    <ClCompile Include="Convolution\Cufft\convolutionFFT2D_gold.cpp">
      <Filter>Convolution\Cufft</Filter>
    </ClCompile>
    <ClCompile Include="Convolution\Cufft\convolutionFFT2D_interface.cpp">
      <Filter>Convolution\Cufft</Filter>
    </ClCompile>
    <ClCompile Include="Convolution\Cufft\convolutionFFT2D_test.cpp">
      <Filter>Convolution\Cufft</Filter>
    </ClCompile>
    <ClCompile Include="Convolution\Rasterization\rasterization_test.cpp">
      <Filter>Convolution\Rasterization</Filter>
    </ClCompile>
    <ClCompile Include="Test\Configure\common_test.cpp">
      <Filter>Test\Configure</Filter>
    </ClCompile>
    <ClCompile Include="Test\Raytracing\raytracing_test.cpp">
      <Filter>Test\Raytracing</Filter>
    </ClCompile>
    <ClCompile Include="Convolution\Struct\oblique_parallel.cpp">
      <Filter>Convolution\Struct</Filter>
    </ClCompile>
    <ClCompile Include="Convolution\3DDDA\dda_shadow_block.cpp">
      <Filter>Convolution\3DDDA</Filter>
    </ClCompile>
    <ClCompile Include="Convolution\3DDDA\dda_interface.cpp">
      <Filter>Convolution\3DDDA</Filter>
    </ClCompile>
    <ClCompile Include="Convolution\3DDDA\dda_steps.cpp">
      <Filter>Convolution\3DDDA</Filter>
    </ClCompile>
    <ClCompile Include="Convolution\3DDDA\dda_test.cpp">
      <Filter>Convolution\3DDDA</Filter>
    </ClCompile>
    <ClCompile Include="Convolution\Struct\projectionPlane.cpp">
      <Filter>Convolution\Struct</Filter>
    </ClCompile>
    <ClCompile Include="Convolution\Struct\convKernel.cpp">
      <Filter>Convolution\Struct</Filter>
    </ClCompile>
    <ClCompile Include="Convolution\Script\gen_kernel.cpp">
      <Filter>Convolution\Script</Filter>
    </ClCompile>
    <ClCompile Include="Test\GenKernel\gen_kernel_test.cpp">
      <Filter>Test\GenKernel</Filter>
    </ClCompile>
    <ClCompile Include="Convolution\Unizar\unizar_model.cpp">
      <Filter>Convolution\Unizar</Filter>
    </ClCompile>
    <ClCompile Include="Convolution\HFLCAL\hflcal_model.cpp">
      <Filter>Convolution\HFLCAL</Filter>
    </ClCompile>
    <ClCompile Include="Convolution\model\conv_model.cpp">
      <Filter>Convolution\model</Filter>
    </ClCompile>
    <ClCompile Include="Test\Configure\test_get_file_peak.cpp">
      <Filter>Test\Configure</Filter>
    </ClCompile>
    <ClCompile Include="Common\utils.cpp">
      <Filter>Common</Filter>
    </ClCompile>
  </ItemGroup>
  <ItemGroup>
    <Filter Include="Test">
      <UniqueIdentifier>{a5f60365-c2fc-46d1-88dc-d7803f510b4b}</UniqueIdentifier>
    </Filter>
    <Filter Include="Common">
      <UniqueIdentifier>{a7b97dda-7997-4a3a-832e-2bfa7c3d3a35}</UniqueIdentifier>
    </Filter>
    <Filter Include="DataStruct">
      <UniqueIdentifier>{f6f780de-25d7-4447-bcff-d4f0b02577c2}</UniqueIdentifier>
    </Filter>
    <Filter Include="SceneProcess">
      <UniqueIdentifier>{bb68252f-08e3-416c-859b-39e49d0585c2}</UniqueIdentifier>
    </Filter>
    <Filter Include="RayTracing">
      <UniqueIdentifier>{e2f0ee73-b977-4d98-ba48-4466a03d2002}</UniqueIdentifier>
    </Filter>
    <Filter Include="RayTracing\RectGrid">
      <UniqueIdentifier>{86521659-5d87-45d4-bf2f-298e04ddd5df}</UniqueIdentifier>
    </Filter>
    <Filter Include="RayTracing\RectHelio">
      <UniqueIdentifier>{11486475-bd66-4d03-a341-bb05b64160fa}</UniqueIdentifier>
    </Filter>
    <Filter Include="SceneProcess\PreProcess">
      <UniqueIdentifier>{10f47a3e-5c60-4220-9bb2-da29f27d7a21}</UniqueIdentifier>
    </Filter>
    <Filter Include="Test\Configure">
      <UniqueIdentifier>{646e03bf-8492-4e72-b92b-06cf14d8d1b8}</UniqueIdentifier>
    </Filter>
    <Filter Include="Test\Raytracing">
      <UniqueIdentifier>{2d3360b3-8ec2-46c4-aff2-58e1262ae43e}</UniqueIdentifier>
    </Filter>
    <Filter Include="Convolution">
      <UniqueIdentifier>{3306e384-63a0-4a7e-862a-e6d836b95df3}</UniqueIdentifier>
    </Filter>
    <Filter Include="Convolution\Cufft">
      <UniqueIdentifier>{e74fc9db-b62d-4980-a1a6-46cec9a40b41}</UniqueIdentifier>
    </Filter>
    <Filter Include="Convolution\Rasterization">
      <UniqueIdentifier>{d26cd97f-e6fa-4056-a8d7-91df81e3e290}</UniqueIdentifier>
    </Filter>
    <Filter Include="Convolution\Struct">
      <UniqueIdentifier>{fd34cc22-113d-4906-a437-484066aaaa96}</UniqueIdentifier>
    </Filter>
    <Filter Include="Convolution\3DDDA">
      <UniqueIdentifier>{6b24ce68-80e7-4ab5-b0a5-e212e9868691}</UniqueIdentifier>
    </Filter>
    <Filter Include="Convolution\Script">
      <UniqueIdentifier>{224f9f71-90b2-4ea7-87fb-dbfd735c3983}</UniqueIdentifier>
    </Filter>
    <Filter Include="Test\GenKernel">
      <UniqueIdentifier>{a3ab6c9b-f0f3-41bb-bcb1-7fa840454058}</UniqueIdentifier>
    </Filter>
    <Filter Include="Convolution\Unizar">
      <UniqueIdentifier>{8a972af2-fea4-4cd8-acb4-97e6a8dc9134}</UniqueIdentifier>
    </Filter>
    <Filter Include="Convolution\HFLCAL">
      <UniqueIdentifier>{3f21ced9-b31d-4f58-888f-0b6c3e782aaa}</UniqueIdentifier>
    </Filter>
    <Filter Include="Convolution\model">
      <UniqueIdentifier>{53188422-4d7e-42ce-a815-56287d9cf34f}</UniqueIdentifier>
    </Filter>
  </ItemGroup>
  <ItemGroup>
    <CudaCompile Include="Common\random_generator.cu">
      <Filter>Common</Filter>
    </CudaCompile>
    <CudaCompile Include="RayTracing\RectGrid\rectgrid_raytracing.cu">
      <Filter>RayTracing\RectGrid</Filter>
    </CudaCompile>
    <CudaCompile Include="RayTracing\ray_tracing.cu">
      <Filter>RayTracing</Filter>
    </CudaCompile>
    <CudaCompile Include="RayTracing\steps_for_raytracing.cu">
      <Filter>RayTracing</Filter>
    </CudaCompile>
    <CudaCompile Include="SceneProcess\PreProcess\scene_instance_process.cu">
      <Filter>SceneProcess\PreProcess</Filter>
    </CudaCompile>
    <CudaCompile Include="Test\Configure\cuda_config_test.cu">
      <Filter>Test\Configure</Filter>
    </CudaCompile>
    <CudaCompile Include="Test\Raytracing\raytracing_test.cu">
      <Filter>Test\Raytracing</Filter>
    </CudaCompile>
    <CudaCompile Include="Convolution\Cufft\convolutionFFT2D.cu">
      <Filter>Convolution\Cufft</Filter>
    </CudaCompile>
    <CudaCompile Include="Convolution\Rasterization\triangle_rasterization.cu">
      <Filter>Convolution\Rasterization</Filter>
    </CudaCompile>
    <CudaCompile Include="Convolution\Struct\oblique_parallel.cu">
      <Filter>Convolution\Struct</Filter>
    </CudaCompile>
    <CudaCompile Include="Convolution\Rasterization\reduce_sum.cu">
      <Filter>Convolution\Rasterization</Filter>
    </CudaCompile>
    <CudaCompile Include="Test\Configure\reduce_test.cu" />
    <CudaCompile Include="Convolution\Rasterization\gen_gau_kernel_gpu.cu">
      <Filter>Convolution\Rasterization</Filter>
    </CudaCompile>
  </ItemGroup>
  <ItemGroup>
    <ClInclude Include="Common\common_var.h">
      <Filter>Common</Filter>
    </ClInclude>
    <ClInclude Include="Common\global_constant.h">
      <Filter>Common</Filter>
    </ClInclude>
    <ClInclude Include="Common\global_function.cuh">
      <Filter>Common</Filter>
    </ClInclude>
    <ClInclude Include="Common\utils.h">
      <Filter>Common</Filter>
    </ClInclude>
    <ClInclude Include="Common\vector_arithmetic.cuh">
      <Filter>Common</Filter>
    </ClInclude>
    <ClInclude Include="DataStructure\grid.h">
      <Filter>DataStruct</Filter>
    </ClInclude>
    <ClInclude Include="DataStructure\heliostat.cuh">
      <Filter>DataStruct</Filter>
    </ClInclude>
    <ClInclude Include="DataStructure\receiver.cuh">
      <Filter>DataStruct</Filter>
    </ClInclude>
    <ClInclude Include="DataStructure\sunray.h">
      <Filter>DataStruct</Filter>
    </ClInclude>
    <ClInclude Include="Common\random_generator.h">
      <Filter>Common</Filter>
    </ClInclude>
    <ClInclude Include="SceneProcess\scene_file_proc.h">
      <Filter>SceneProcess</Filter>
    </ClInclude>
    <ClInclude Include="SceneProcess\solar_scene.h">
      <Filter>SceneProcess</Filter>
    </ClInclude>
    <ClInclude Include="Common\image_saver.h">
      <Filter>Common</Filter>
    </ClInclude>
    <ClInclude Include="SceneProcess\scene_destroy.h">
      <Filter>SceneProcess</Filter>
    </ClInclude>
    <ClInclude Include="RayTracing\RectHelio\recthelio_tracing.h">
      <Filter>RayTracing\RectHelio</Filter>
    </ClInclude>
    <ClInclude Include="RayTracing\RectGrid\rectgrid_raytracing.cuh">
      <Filter>RayTracing\RectGrid</Filter>
    </ClInclude>
    <ClInclude Include="RayTracing\ray_tracing.h">
      <Filter>RayTracing</Filter>
    </ClInclude>
    <ClInclude Include="RayTracing\steps_for_raytracing.h">
      <Filter>RayTracing</Filter>
    </ClInclude>
    <ClInclude Include="SceneProcess\PreProcess\scene_instance_process.h">
      <Filter>SceneProcess\PreProcess</Filter>
    </ClInclude>
    <ClInclude Include="Test\Configure\cuda_config_test.cuh">
      <Filter>Test\Configure</Filter>
    </ClInclude>
    <ClInclude Include="Test\Raytracing\raytracing_test.cuh">
      <Filter>Test\Raytracing</Filter>
    </ClInclude>
    <ClInclude Include="Convolution\Cufft\convolutionFFT2D.cuh">
      <Filter>Convolution\Cufft</Filter>
    </ClInclude>
    <ClInclude Include="Convolution\Cufft\convolutionFFT2D_common.h">
      <Filter>Convolution\Cufft</Filter>
    </ClInclude>
    <ClInclude Include="Convolution\Cufft\convolutionFFT2D_interface.h">
      <Filter>Convolution\Cufft</Filter>
    </ClInclude>
    <ClInclude Include="Convolution\Cufft\convolutionFFT2D_test.h">
      <Filter>Convolution\Cufft</Filter>
    </ClInclude>
    <ClInclude Include="Convolution\Rasterization\rasterization_common.h">
      <Filter>Convolution\Rasterization</Filter>
    </ClInclude>
    <ClInclude Include="Convolution\Rasterization\triangle_rasterization.cuh">
      <Filter>Convolution\Rasterization</Filter>
    </ClInclude>
    <ClInclude Include="Convolution\Rasterization\rasterization_test.h">
      <Filter>Convolution\Rasterization</Filter>
    </ClInclude>
    <ClInclude Include="Convolution\Struct\projectionPlane.h">
      <Filter>Convolution\Struct</Filter>
    </ClInclude>
    <ClInclude Include="Test\Configure\common_test.h">
      <Filter>Test\Configure</Filter>
    </ClInclude>
    <ClInclude Include="Convolution\Struct\oblique_parallel.cuh">
      <Filter>Convolution\Struct</Filter>
    </ClInclude>
    <ClInclude Include="Convolution\3DDDA\dda_shadow_block.h">
      <Filter>Convolution\3DDDA</Filter>
    </ClInclude>
    <ClInclude Include="Convolution\3DDDA\dda_interface.h">
      <Filter>Convolution\3DDDA</Filter>
    </ClInclude>
    <ClInclude Include="Convolution\3DDDA\dda_steps.h">
      <Filter>Convolution\3DDDA</Filter>
    </ClInclude>
    <ClInclude Include="Convolution\3DDDA\dda_test.h">
      <Filter>Convolution\3DDDA</Filter>
    </ClInclude>
    <ClInclude Include="Convolution\Struct\convKernel.h">
      <Filter>Convolution\Struct</Filter>
    </ClInclude>
    <ClInclude Include="Convolution\Script\gen_kernel.h">
      <Filter>Convolution\Script</Filter>
    </ClInclude>
    <ClInclude Include="Test\GenKernel\gen_kernel_test.h">
      <Filter>Test\GenKernel</Filter>
    </ClInclude>
    <ClInclude Include="Test\Configure\reduce_test.cuh">
      <Filter>Test\Configure</Filter>
    </ClInclude>
    <ClInclude Include="Convolution\Rasterization\reduce_sum.cuh">
      <Filter>Convolution\Rasterization</Filter>
    </ClInclude>
    <ClInclude Include="Convolution\Unizar\unizar_model.h">
      <Filter>Convolution\Unizar</Filter>
    </ClInclude>
    <ClInclude Include="Convolution\HFLCAL\hflcal_model.h">
      <Filter>Convolution\HFLCAL</Filter>
    </ClInclude>
    <ClInclude Include="Convolution\model\conv_model.h">
      <Filter>Convolution\model</Filter>
    </ClInclude>
    <ClInclude Include="Test\Configure\test_get_file_peak.h">
      <Filter>Test\Configure</Filter>
    </ClInclude>
    <ClInclude Include="Convolution\Rasterization\gen_gau_kernel_gpu.cuh">
      <Filter>Convolution\Rasterization</Filter>
    </ClInclude>
  </ItemGroup>
</Project>